
Microsoft Visual Studio Solution File, Format Version 12.00
# Visual Studio Version 16
VisualStudioVersion = 16.0.30709.132
MinimumVisualStudioVersion = 10.0.40219.1
Project("{9A19103F-16F7-4668-BE54-9A1E7A4F7556}") = "UdemyAndroidKotlin.Auth", "UdemyAndroidKotlin.Auth\UdemyAndroidKotlin.Auth.csproj", "{E0F8F269-40DE-4719-93A8-0D216E0D8F69}"
EndProject
Project("{9A19103F-16F7-4668-BE54-9A1E7A4F7556}") = "UdemyAndroidKotlin.API", "UdemyAndroidKotlin.API\UdemyAndroidKotlin.API.csproj", "{A92CE3FC-D56A-4177-9633-131872771D36}"
EndProject
Project("{9A19103F-16F7-4668-BE54-9A1E7A4F7556}") = "UdemyAndroidKotlin.Photo.API", "UdemyAndroidKotlin.Photo.API\UdemyAndroidKotlin.Photo.API.csproj", "{A031C2B3-1AD9-47D9-B56F-9BB9E1C3BDC8}"
EndProject
Project("{FAE04EC0-301F-11D3-BF4B-00C04F79EFBC}") = "UdemyAndroidKotlin.Shared", "UdemyAndroidKotlin.Shared\UdemyAndroidKotlin.Shared.csproj", "{208A1665-EDD7-4313-8C47-C0336BC82C73}"
EndProject
Global
	GlobalSection(SolutionConfigurationPlatforms) = preSolution
		Debug|Any CPU = Debug|Any CPU
		Release|Any CPU = Release|Any CPU
	EndGlobalSection
	GlobalSection(ProjectConfigurationPlatforms) = postSolution
		{E0F8F269-40DE-4719-93A8-0D216E0D8F69}.Debug|Any CPU.ActiveCfg = Debug|Any CPU
		{E0F8F269-40DE-4719-93A8-0D216E0D8F69}.Debug|Any CPU.Build.0 = Debug|Any CPU
		{E0F8F269-40DE-4719-93A8-0D216E0D8F69}.Release|Any CPU.ActiveCfg = Release|Any CPU
		{E0F8F269-40DE-4719-93A8-0D216E0D8F69}.Release|Any CPU.Build.0 = Release|Any CPU
		{A92CE3FC-D56A-4177-9633-131872771D36}.Debug|Any CPU.ActiveCfg = Debug|Any CPU
		{A92CE3FC-D56A-4177-9633-131872771D36}.Debug|Any CPU.Build.0 = Debug|Any CPU
		{A92CE3FC-D56A-4177-9633-131872771D36}.Release|Any CPU.ActiveCfg = Release|Any CPU
		{A92CE3FC-D56A-4177-9633-131872771D36}.Release|Any CPU.Build.0 = Release|Any CPU
		{A031C2B3-1AD9-47D9-B56F-9BB9E1C3BDC8}.Debug|Any CPU.ActiveCfg = Debug|Any CPU
		{A031C2B3-1AD9-47D9-B56F-9BB9E1C3BDC8}.Debug|Any CPU.Build.0 = Debug|Any CPU
		{A031C2B3-1AD9-47D9-B56F-9BB9E1C3BDC8}.Release|Any CPU.ActiveCfg = Release|Any CPU
		{A031C2B3-1AD9-47D9-B56F-9BB9E1C3BDC8}.Release|Any CPU.Build.0 = Release|Any CPU
		{208A1665-EDD7-4313-8C47-C0336BC82C73}.Debug|Any CPU.ActiveCfg = Debug|Any CPU
		{208A1665-EDD7-4313-8C47-C0336BC82C73}.Debug|Any CPU.Build.0 = Debug|Any CPU
		{208A1665-EDD7-4313-8C47-C0336BC82C73}.Release|Any CPU.ActiveCfg = Release|Any CPU
		{208A1665-EDD7-4313-8C47-C0336BC82C73}.Release|Any CPU.Build.0 = Release|Any CPU
	EndGlobalSection
	GlobalSection(SolutionProperties) = preSolution
		HideSolutionNode = FALSE
	EndGlobalSection
	GlobalSection(ExtensibilityGlobals) = postSolution
		SolutionGuid = {FAFA1156-7AFE-4B6E-B66A-30B78198BEB8}
	EndGlobalSection
EndGlobal
